
Microsoft Visual Studio Solution File, Format Version 12.00
# Visual Studio Version 17
VisualStudioVersion = 17.5.002.0
MinimumVisualStudioVersion = 10.0.40219.1
Project("{9A19103F-16F7-4668-BE54-9A1E7A4F7556}") = "Personal-website", "Personal-website.csproj", "{B08B353F-CB02-46BC-B1F6-75156E61C9BA}"
EndProject
Global
	GlobalSection(SolutionConfigurationPlatforms) = preSolution
		Debug|Any CPU = Debug|Any CPU
		Release|Any CPU = Release|Any CPU
	EndGlobalSection
	GlobalSection(ProjectConfigurationPlatforms) = postSolution
		{B08B353F-CB02-46BC-B1F6-75156E61C9BA}.Debug|Any CPU.ActiveCfg = Debug|Any CPU
		{B08B353F-CB02-46BC-B1F6-75156E61C9BA}.Debug|Any CPU.Build.0 = Debug|Any CPU
		{B08B353F-CB02-46BC-B1F6-75156E61C9BA}.Release|Any CPU.ActiveCfg = Release|Any CPU
		{B08B353F-CB02-46BC-B1F6-75156E61C9BA}.Release|Any CPU.Build.0 = Release|Any CPU
	EndGlobalSection
	GlobalSection(SolutionProperties) = preSolution
		HideSolutionNode = FALSE
	EndGlobalSection
	GlobalSection(ExtensibilityGlobals) = postSolution
		SolutionGuid = {8F13407E-1A6C-4DF8-BEFB-60ADB8D1AB47}
	EndGlobalSection
EndGlobal
